{
  "name": "pc-build",
  "version": "1.0.0",
  "description": "PC build website backend",
  "main": "server.js",
  "scripts": {
    "start": "node server.js"
  },
  "engines": {
    "node": "22.x"
  },
  "dependencies": {
    "cors": "^2.8.5",
    "express": "^4.18.2",
    "node-fetch": "^3.3.2",
    "object-assign": "^4.1.1"
  }
}
